
Microsoft Visual Studio Solution File, Format Version 12.00
# Visual Studio Version 17
VisualStudioVersion = 17.5.002.0
MinimumVisualStudioVersion = 10.0.40219.1
Project("{9A19103F-16F7-4668-BE54-9A1E7A4F7556}") = "Investment2", "Investment2.csproj", "{1D515ED4-C0D2-43C4-933F-7938E0F8B83C}"
EndProject
Global
	GlobalSection(SolutionConfigurationPlatforms) = preSolution
		Debug|Any CPU = Debug|Any CPU
		Release|Any CPU = Release|Any CPU
	EndGlobalSection
	GlobalSection(ProjectConfigurationPlatforms) = postSolution
		{1D515ED4-C0D2-43C4-933F-7938E0F8B83C}.Debug|Any CPU.ActiveCfg = Debug|Any CPU
		{1D515ED4-C0D2-43C4-933F-7938E0F8B83C}.Debug|Any CPU.Build.0 = Debug|Any CPU
		{1D515ED4-C0D2-43C4-933F-7938E0F8B83C}.Release|Any CPU.ActiveCfg = Release|Any CPU
		{1D515ED4-C0D2-43C4-933F-7938E0F8B83C}.Release|Any CPU.Build.0 = Release|Any CPU
	EndGlobalSection
	GlobalSection(SolutionProperties) = preSolution
		HideSolutionNode = FALSE
	EndGlobalSection
	GlobalSection(ExtensibilityGlobals) = postSolution
		SolutionGuid = {68AD4EEB-C290-4696-A8D4-8FBA551365B8}
	EndGlobalSection
EndGlobal
