
Microsoft Visual Studio Solution File, Format Version 12.00
# Visual Studio Version 17
VisualStudioVersion = 17.5.002.0
MinimumVisualStudioVersion = 10.0.40219.1
Project("{9A19103F-16F7-4668-BE54-9A1E7A4F7556}") = "BankLib", "BankLib.csproj", "{E60DC6EF-CABC-4D11-8B0E-A387B83CDA01}"
EndProject
Global
	GlobalSection(SolutionConfigurationPlatforms) = preSolution
		Debug|Any CPU = Debug|Any CPU
		Release|Any CPU = Release|Any CPU
	EndGlobalSection
	GlobalSection(ProjectConfigurationPlatforms) = postSolution
		{E60DC6EF-CABC-4D11-8B0E-A387B83CDA01}.Debug|Any CPU.ActiveCfg = Debug|Any CPU
		{E60DC6EF-CABC-4D11-8B0E-A387B83CDA01}.Debug|Any CPU.Build.0 = Debug|Any CPU
		{E60DC6EF-CABC-4D11-8B0E-A387B83CDA01}.Release|Any CPU.ActiveCfg = Release|Any CPU
		{E60DC6EF-CABC-4D11-8B0E-A387B83CDA01}.Release|Any CPU.Build.0 = Release|Any CPU
	EndGlobalSection
	GlobalSection(SolutionProperties) = preSolution
		HideSolutionNode = FALSE
	EndGlobalSection
	GlobalSection(ExtensibilityGlobals) = postSolution
		SolutionGuid = {25091259-17D8-424C-9057-3AE47B44A7E2}
	EndGlobalSection
EndGlobal
